Microsoft Visual Studio Solution File, Format Version 12.00
# Visual Studio Version 17
VisualStudioVersion = 17.0.31903.59
MinimumVisualStudioVersion = 10.0.40219.1
Project("{2150E333-8FDC-42A3-9474-1A3956D46DE8}") = "src", "src", "{8BB221E1-BCEE-4A1D-9B2E-3B7C4D5E6F7A}"
EndProject
Project("{2150E333-8FDC-42A3-9474-1A3956D46DE8}") = "tests", "tests", "{9CC332F2-CDFG-5B2E-0C3D-4C8D5E6F7A8B}"
EndProject
Project("{2150E333-8FDC-42A3-9474-1A3956D46DE8}") = "docs", "docs", "{0DD443G3-DEGH-6C3F-1D4E-5D9E6F7A8B9C}"
EndProject
Project("{FAE04EC0-301F-11D3-BF4B-00C04F79EFBC}") = "Screen2MD.Abstractions", "src\Screen2MD.Abstractions\Screen2MD.Abstractions.csproj", "{A1B2C3D4-E5F6-7890-ABCD-EF1234567890}"
EndProject
Project("{FAE04EC0-301F-11D3-BF4B-00C04F79EFBC}") = "Screen2MD.Platform.Common", "src\Screen2MD.Platform.Common\Screen2MD.Platform.Common.csproj", "{B2C3D4E5-F6A7-8901-BCDE-F23456789012}"
EndProject
Project("{FAE04EC0-301F-11D3-BF4B-00C04F79EFBC}") = "Screen2MD.Platform.Mock", "src\Screen2MD.Platform.Mock\Screen2MD.Platform.Mock.csproj", "{C3D4E5F6-A7B8-9012-CDEF-345678901234}"
EndProject
Project("{FAE04EC0-301F-11D3-BF4B-00C04F79EFBC}") = "Screen2MD.Platform.Windows", "src\Screen2MD.Platform.Windows\Screen2MD.Platform.Windows.csproj", "{D4E5F6A7-B8C9-0123-DEFA-456789012345}"
EndProject
Project("{FAE04EC0-301F-11D3-BF4B-00C04F79EFBC}") = "Screen2MD.Core", "src\Screen2MD.Core\Screen2MD.Core.csproj", "{E5F6A7B8-C9D0-1234-EFAB-567890123456}"
EndProject
Project("{FAE04EC0-301F-11D3-BF4B-00C04F79EFBC}") = "Screen2MD.Daemon", "src\Screen2MD.Daemon\Screen2MD.Daemon.csproj", "{F6A7B8C9-D0E1-2345-FABC-678901234567}"
EndProject
Project("{FAE04EC0-301F-11D3-BF4B-00C04F79EFBC}") = "Screen2MD.Testing", "src\Screen2MD.Testing\Screen2MD.Testing.csproj", "{A7B8C9D0-E1F2-3456-ABCD-789012345678}"
EndProject
Project("{FAE04EC0-301F-11D3-BF4B-00C04F79EFBC}") = "Screen2MD.Abstractions.Tests", "tests\Screen2MD.Abstractions.Tests\Screen2MD.Abstractions.Tests.csproj", "{B8C9D0E1-F2A3-4567-BCDE-890123456789}"
EndProject
Project("{FAE04EC0-301F-11D3-BF4B-00C04F79EFBC}") = "Screen2MD.Core.Tests", "tests\Screen2MD.Core.Tests\Screen2MD.Core.Tests.csproj", "{C9D0E1F2-A3B4-5678-CDEF-901234567890}"
EndProject
Project("{FAE04EC0-301F-11D3-BF4B-00C04F79EFBC}") = "Screen2MD.Integration.Tests", "tests\Screen2MD.Integration.Tests\Screen2MD.Integration.Tests.csproj", "{D0E1F2A3-B4C5-6789-DEFA-012345678901}"
EndProject
Global
	GlobalSection(SolutionConfigurationPlatforms) = preSolution
		Debug|Any CPU = Debug|Any CPU
		Release|Any CPU = Release|Any CPU
	EndGlobalSection
	GlobalSection(ProjectConfigurationPlatforms) = postSolution
		{A1B2C3D4-E5F6-7890-ABCD-EF1234567890}.Debug|Any CPU.ActiveCfg = Debug|Any CPU
		{A1B2C3D4-E5F6-7890-ABCD-EF1234567890}.Debug|Any CPU.Build.0 = Debug|Any CPU
		{A1B2C3D4-E5F6-7890-ABCD-EF1234567890}.Release|Any CPU.ActiveCfg = Release|Any CPU
		{A1B2C3D4-E5F6-7890-ABCD-EF1234567890}.Release|Any CPU.Build.0 = Release|Any CPU
		{B2C3D4E5-F6A7-8901-BCDE-F23456789012}.Debug|Any CPU.ActiveCfg = Debug|Any CPU
		{B2C3D4E5-F6A7-8901-BCDE-F23456789012}.Debug|Any CPU.Build.0 = Debug|Any CPU
		{B2C3D4E5-F6A7-8901-BCDE-F23456789012}.Release|Any CPU.ActiveCfg = Release|Any CPU
		{B2C3D4E5-F6A7-8901-BCDE-F23456789012}.Release|Any CPU.Build.0 = Release|Any CPU
		{C3D4E5F6-A7B8-9012-CDEF-345678901234}.Debug|Any CPU.ActiveCfg = Debug|Any CPU
		{C3D4E5F6-A7B8-9012-CDEF-345678901234}.Debug|Any CPU.Build.0 = Debug|Any CPU
		{C3D4E5F6-A7B8-9012-CDEF-345678901234}.Release|Any CPU.ActiveCfg = Release|Any CPU
		{C3D4E5F6-A7B8-9012-CDEF-345678901234}.Release|Any CPU.Build.0 = Release|Any CPU
		{D4E5F6A7-B8C9-0123-DEFA-456789012345}.Debug|Any CPU.ActiveCfg = Debug|Any CPU
		{D4E5F6A7-B8C9-0123-DEFA-456789012345}.Debug|Any CPU.Build.0 = Debug|Any CPU
		{D4E5F6A7-B8C9-0123-DEFA-456789012345}.Release|Any CPU.ActiveCfg = Release|Any CPU
		{D4E5F6A7-B8C9-0123-DEFA-456789012345}.Release|Any CPU.Build.0 = Release|Any CPU
		{E5F6A7B8-C9D0-1234-EFAB-567890123456}.Debug|Any CPU.ActiveCfg = Debug|Any CPU
		{E5F6A7B8-C9D0-1234-EFAB-567890123456}.Debug|Any CPU.Build.0 = Debug|Any CPU
		{E5F6A7B8-C9D0-1234-EFAB-567890123456}.Release|Any CPU.ActiveCfg = Release|Any CPU
		{E5F6A7B8-C9D0-1234-EFAB-567890123456}.Release|Any CPU.Build.0 = Release|Any CPU
		{F6A7B8C9-D0E1-2345-FABC-678901234567}.Debug|Any CPU.ActiveCfg = Debug|Any CPU
		{F6A7B8C9-D0E1-2345-FABC-678901234567}.Debug|Any CPU.Build.0 = Debug|Any CPU
		{F6A7B8C9-D0E1-2345-FABC-678901234567}.Release|Any CPU.ActiveCfg = Release|Any CPU
		{F6A7B8C9-D0E1-2345-FABC-678901234567}.Release|Any CPU.Build.0 = Release|Any CPU
		{A7B8C9D0-E1F2-3456-ABCD-789012345678}.Debug|Any CPU.ActiveCfg = Debug|Any CPU
		{A7B8C9D0-E1F2-3456-ABCD-789012345678}.Debug|Any CPU.Build.0 = Debug|Any CPU
		{A7B8C9D0-E1F2-3456-ABCD-789012345678}.Release|Any CPU.ActiveCfg = Release|Any CPU
		{A7B8C9D0-E1F2-3456-ABCD-789012345678}.Release|Any CPU.Build.0 = Release|Any CPU
		{B8C9D0E1-F2A3-4567-BCDE-890123456789}.Debug|Any CPU.ActiveCfg = Debug|Any CPU
		{B8C9D0E1-F2A3-4567-BCDE-890123456789}.Debug|Any CPU.Build.0 = Debug|Any CPU
		{B8C9D0E1-F2A3-4567-BCDE-890123456789}.Release|Any CPU.ActiveCfg = Release|Any CPU
		{B8C9D0E1-F2A3-4567-BCDE-890123456789}.Release|Any CPU.Build.0 = Release|Any CPU
		{C9D0E1F2-A3B4-5678-CDEF-901234567890}.Debug|Any CPU.ActiveCfg = Debug|Any CPU
		{C9D0E1F2-A3B4-5678-CDEF-901234567890}.Debug|Any CPU.Build.0 = Debug|Any CPU
		{C9D0E1F2-A3B4-5678-CDEF-901234567890}.Release|Any CPU.ActiveCfg = Release|Any CPU
		{C9D0E1F2-A3B4-5678-CDEF-901234567890}.Release|Any CPU.Build.0 = Release|Any CPU
		{D0E1F2A3-B4C5-6789-DEFA-012345678901}.Debug|Any CPU.ActiveCfg = Debug|Any CPU
		{D0E1F2A3-B4C5-6789-DEFA-012345678901}.Debug|Any CPU.Build.0 = Debug|Any CPU
		{D0E1F2A3-B4C5-6789-DEFA-012345678901}.Release|Any CPU.ActiveCfg = Release|Any CPU
		{D0E1F2A3-B4C5-6789-DEFA-012345678901}.Release|Any CPU.Build.0 = Release|Any CPU
	EndGlobalSection
	GlobalSection(NestedProjects) = preSolution
		{A1B2C3D4-E5F6-7890-ABCD-EF1234567890} = {8BB221E1-BCEE-4A1D-9B2E-3B7C4D5E6F7A}
		{B2C3D4E5-F6A7-8901-BCDE-F23456789012} = {8BB221E1-BCEE-4A1D-9B2E-3B7C4D5E6F7A}
		{C3D4E5F6-A7B8-9012-CDEF-345678901234} = {8BB221E1-BCEE-4A1D-9B2E-3B7C4D5E6F7A}
		{D4E5F6A7-B8C9-0123-DEFA-456789012345} = {8BB221E1-BCEE-4A1D-9B2E-3B7C4D5E6F7A}
		{E5F6A7B8-C9D0-1234-EFAB-567890123456} = {8BB221E1-BCEE-4A1D-9B2E-3B7C4D5E6F7A}
		{F6A7B8C9-D0E1-2345-FABC-678901234567} = {8BB221E1-BCEE-4A1D-9B2E-3B7C4D5E6F7A}
		{A7B8C9D0-E1F2-3456-ABCD-789012345678} = {8BB221E1-BCEE-4A1D-9B2E-3B7C4D5E6F7A}
		{B8C9D0E1-F2A3-4567-BCDE-890123456789} = {9CC332F2-CDFG-5B2E-0C3D-4C8D5E6F7A8B}
		{C9D0E1F2-A3B4-5678-CDEF-901234567890} = {9CC332F2-CDFG-5B2E-0C3D-4C8D5E6F7A8B}
		{D0E1F2A3-B4C5-6789-DEFA-012345678901} = {9CC332F2-CDFG-5B2E-0C3D-4C8D5E6F7A8B}
	EndGlobalSection
EndGlobal